# THIS IS AN AUTOGENERATED FILE. DO NOT EDIT THIS FILE DIRECTLY.
# yarn lockfile v1


"@hapi/boom@^10.0.1":
  version "10.0.1"
  resolved "https://registry.npmjs.org/@hapi/boom/-/boom-10.0.1.tgz"
  dependencies:
    "@hapi/hoek" "^11.0.2"

"@hapi/bourne@^3.0.0":
  version "3.0.0"
  resolved "https://registry.npmjs.org/@hapi/bourne/-/bourne-3.0.0.tgz"

"@hapi/hoek@^10.0.1":
  version "10.0.1"
  resolved "https://registry.npmjs.org/@hapi/hoek/-/hoek-10.0.1.tgz"

"@hapi/hoek@^11.0.2":
  version "11.0.2"
  resolved "https://registry.npmjs.org/@hapi/hoek/-/hoek-11.0.2.tgz"

"@hapi/hoek@^9.0.0", "@hapi/hoek@^9.3.0":
  version "9.3.0"
  resolved "https://registry.yarnpkg.com/@hapi/hoek/-/hoek-9.3.0.tgz#8368869dcb735be2e7f5cb7647de78e167a251fb"

"@hapi/topo@^5.1.0":
  version "5.1.0"
  resolved "https://registry.yarnpkg.com/@hapi/topo/-/topo-5.1.0.tgz#dc448e332c6c6e37a4dc02fd84ba8d44b9afb012"
  dependencies:
    "@hapi/hoek" "^9.0.0"

"@hapi/wreck@^18.0.0":
  version "18.1.2"
  resolved "https://registry.yarnpkg.com/@hapi/wreck/-/wreck-18.1.2.tgz#1c1c84427085d7018ff4157ef3eb1e2cf080b26b"
  dependencies:
    "@hapi/boom" "^10.0.1"
    "@hapi/bourne" "^3.0.0"
    "@hapi/hoek" "^11.0.2"

"@sideway/address@^4.1.5":
  version "4.1.5"
  resolved "https://registry.yarnpkg.com/@sideway/address/-/address-4.1.5.tgz#4bc149a0076623ced99ca8208ba780d65a99b9d5"
  dependencies:
    "@hapi/hoek" "^9.0.0"

"@sideway/formula@^3.0.1":
  version "3.0.1"
  resolved "https://registry.npmjs.org/@sideway/formula/-/formula-3.0.1.tgz"

"@sideway/pinpoint@^2.0.0":
  version "2.0.0"
  resolved "https://registry.npmjs.org/@sideway/pinpoint/-/pinpoint-2.0.0.tgz"

"@types/node@^18.14.0":
  version "18.14.0"
  resolved "https://registry.npmjs.org/@types/node/-/node-18.14.0.tgz"

"@types/simple-oauth2@^5.0.2":
  version "5.0.2"
  resolved "https://registry.npmjs.org/@types/simple-oauth2/-/simple-oauth2-5.0.2.tgz"

debug@^4.3.4:
  version "4.3.4"
  resolved "https://registry.npmjs.org/debug/-/debug-4.3.4.tgz"
  dependencies:
    ms "2.1.2"

joi@^17.6.4:
  version "17.13.4"
  resolved "https://registry.yarnpkg.com/joi/-/joi-17.13.4.tgz#ad6153d97ce558eb3a3b593e0d43eab51df1c474"
  dependencies:
    "@hapi/hoek" "^9.3.0"
    "@hapi/topo" "^5.1.0"
    "@sideway/address" "^4.1.5"
    "@sideway/formula" "^3.0.1"
    "@sideway/pinpoint" "^2.0.0"

ms@2.1.2:
  version "2.1.2"
  resolved "https://registry.npmjs.org/ms/-/ms-2.1.2.tgz"

simple-oauth2@~5.0.0:
  version "5.0.0"
  resolved "https://registry.npmjs.org/simple-oauth2/-/simple-oauth2-5.0.0.tgz"
  dependencies:
    "@hapi/hoek" "^10.0.1"
    "@hapi/wreck" "^18.0.0"
    debug "^4.3.4"
    joi "^17.6.4"
